// !$*UTF8*$!
{
	archiveVersion = 1;
	classes = {
	};
	objectVersion = 56;
	objects = {

/* Begin PBXBuildFile section */
		B848FD492B5CD917000D8A19 /* Trash_ClassifierApp.swift in Sources */ = {isa = PBXBuildFile; fileRef = B848FD482B5CD917000D8A19 /* Trash_ClassifierApp.swift */; };
		B848FD4B2B5CD917000D8A19 /* TrashClassOneView.swift in Sources */ = {isa = PBXBuildFile; fileRef = B848FD4A2B5CD917000D8A19 /* TrashClassOneView.swift */; };
		B848FD4D2B5CD918000D8A19 /* Assets.xcassets in Resources */ = {isa = PBXBuildFile; fileRef = B848FD4C2B5CD918000D8A19 /* Assets.xcassets */; };
		B848FD502B5CD918000D8A19 /* Preview Assets.xcassets in Resources */ = {isa = PBXBuildFile; fileRef = B848FD4F2B5CD918000D8A19 /* Preview Assets.xcassets */; };
		B848FD5A2B5CD918000D8A19 /* Trash_ClassifierTests.swift in Sources */ = {isa = PBXBuildFile; fileRef = B848FD592B5CD918000D8A19 /* Trash_ClassifierTests.swift */; };
		B848FD642B5CD918000D8A19 /* Trash_ClassifierUITests.swift in Sources */ = {isa = PBXBuildFile; fileRef = B848FD632B5CD918000D8A19 /* Trash_ClassifierUITests.swift */; };
		B848FD662B5CD918000D8A19 /* Trash_ClassifierUITestsLaunchTests.swift in Sources */ = {isa = PBXBuildFile; fileRef = B848FD652B5CD918000D8A19 /* Trash_ClassifierUITestsLaunchTests.swift */; };
/* End PBXBuildFile section */

/* Begin PBXContainerItemProxy section */
		B848FD562B5CD918000D8A19 /* PBXContainerItemProxy */ = {
			isa = PBXContainerItemProxy;
			containerPortal = B848FD3D2B5CD917000D8A19 /* Project object */;
			proxyType = 1;
			remoteGlobalIDString = B848FD442B5CD917000D8A19;
			remoteInfo = "Trash Classifier";
		};
		B848FD602B5CD918000D8A19 /* PBXContainerItemProxy */ = {
			isa = PBXContainerItemProxy;
			containerPortal = B848FD3D2B5CD917000D8A19 /* Project object */;
			proxyType = 1;
			remoteGlobalIDString = B848FD442B5CD917000D8A19;
			remoteInfo = "Trash Classifier";
		};
/* End PBXContainerItemProxy section */

/* Begin PBXFileReference section */
		B848FD452B5CD917000D8A19 /* Trash Classifier.app */ = {isa = PBXFileReference; explicitFileType = wrapper.application; includeInIndex = 0; path = "Trash Classifier.app"; sourceTree = BUILT_PRODUCTS_DIR; };
		B848FD482B5CD917000D8A19 /* Trash_ClassifierApp.swift */ = {isa = PBXFileReference; lastKnownFileType = sourcecode.swift; path = Trash_ClassifierApp.swift; sourceTree = "<group>"; };
		B848FD4A2B5CD917000D8A19 /* TrashClassOneView.swift */ = {isa = PBXFileReference; lastKnownFileType = sourcecode.swift; path = TrashClassOneView.swift; sourceTree = "<group>"; };
		B848FD4C2B5CD918000D8A19 /* Assets.xcassets */ = {isa = PBXFileReference; lastKnownFileType = folder.assetcatalog; path = Assets.xcassets; sourceTree = "<group>"; };
		B848FD4F2B5CD918000D8A19 /* Preview Assets.xcassets */ = {isa = PBXFileReference; lastKnownFileType = folder.assetcatalog; path = "Preview Assets.xcassets"; sourceTree = "<group>"; };
		B848FD552B5CD918000D8A19 /* Trash ClassifierTests.xctest */ = {isa = PBXFileReference; explicitFileType = wrapper.cfbundle; includeInIndex = 0; path = "Trash ClassifierTests.xctest"; sourceTree = BUILT_PRODUCTS_DIR; };
		B848FD592B5CD918000D8A19 /* Trash_ClassifierTests.swift */ = {isa = PBXFileReference; lastKnownFileType = sourcecode.swift; path = Trash_ClassifierTests.swift; sourceTree = "<group>"; };
		B848FD5F2B5CD918000D8A19 /* Trash ClassifierUITests.xctest */ = {isa = PBXFileReference; explicitFileType = wrapper.cfbundle; includeInIndex = 0; path = "Trash ClassifierUITests.xctest"; sourceTree = BUILT_PRODUCTS_DIR; };
		B848FD632B5CD918000D8A19 /* Trash_ClassifierUITests.swift */ = {isa = PBXFileReference; lastKnownFileType = sourcecode.swift; path = Trash_ClassifierUITests.swift; sourceTree = "<group>"; };
		B848FD652B5CD918000D8A19 /* Trash_ClassifierUITestsLaunchTests.swift */ = {isa = PBXFileReference; lastKnownFileType = sourcecode.swift; path = Trash_ClassifierUITestsLaunchTests.swift; sourceTree = "<group>"; };
/* End PBXFileReference section */

/* Begin PBXFrameworksBuildPhase section */
		B848FD422B5CD917000D8A19 /* Frameworks */ = {
			isa = PBXFrameworksBuildPhase;
			buildActionMask = 2147483647;
			files = (
			);
			runOnlyForDeploymentPostprocessing = 0;
		};
		B848FD522B5CD918000D8A19 /* Frameworks */ = {
			isa = PBXFrameworksBuildPhase;
			buildActionMask = 2147483647;
			files = (
			);
			runOnlyForDeploymentPostprocessing = 0;
		};
		B848FD5C2B5CD918000D8A19 /* Frameworks */ = {
			isa = PBXFrameworksBuildPhase;
			buildActionMask = 2147483647;
			files = (
			);
			runOnlyForDeploymentPostprocessing = 0;
		};
/* End PBXFrameworksBuildPhase section */

/* Begin PBXGroup section */
		B848FD3C2B5CD917000D8A19 = {
			isa = PBXGroup;
			children = (
				B848FD472B5CD917000D8A19 /* Trash Classifier */,
				B848FD582B5CD918000D8A19 /* Trash ClassifierTests */,
				B848FD622B5CD918000D8A19 /* Trash ClassifierUITests */,
				B848FD462B5CD917000D8A19 /* Products */,
			);
			sourceTree = "<group>";
		};
		B848FD462B5CD917000D8A19 /* Products */ = {
			isa = PBXGroup;
			children = (
				B848FD452B5CD917000D8A19 /* Trash Classifier.app */,
				B848FD552B5CD918000D8A19 /* Trash ClassifierTests.xctest */,
				B848FD5F2B5CD918000D8A19 /* Trash ClassifierUITests.xctest */,
			);
			name = Products;
			sourceTree = "<group>";
		};
		B848FD472B5CD917000D8A19 /* Trash Classifier */ = {
			isa = PBXGroup;
			children = (
				B848FD482B5CD917000D8A19 /* Trash_ClassifierApp.swift */,
				B848FD4A2B5CD917000D8A19 /* TrashClassOneView.swift */,
				B848FD4C2B5CD918000D8A19 /* Assets.xcassets */,
				B848FD4E2B5CD918000D8A19 /* Preview Content */,
			);
			path = "Trash Classifier";
			sourceTree = "<group>";
		};
		B848FD4E2B5CD918000D8A19 /* Preview Content */ = {
			isa = PBXGroup;
			children = (
				B848FD4F2B5CD918000D8A19 /* Preview Assets.xcassets */,
			);
			path = "Preview Content";
			sourceTree = "<group>";
		};
		B848FD582B5CD918000D8A19 /* Trash ClassifierTests */ = {
			isa = PBXGroup;
			children = (
				B848FD592B5CD918000D8A19 /* Trash_ClassifierTests.swift */,
			);
			path = "Trash ClassifierTests";
			sourceTree = "<group>";
		};
		B848FD622B5CD918000D8A19 /* Trash ClassifierUITests */ = {
			isa = PBXGroup;
			children = (
				B848FD632B5CD918000D8A19 /* Trash_ClassifierUITests.swift */,
				B848FD652B5CD918000D8A19 /* Trash_ClassifierUITestsLaunchTests.swift */,
			);
			path = "Trash ClassifierUITests";
			sourceTree = "<group>";
		};
/* End PBXGroup section */

/* Begin PBXNativeTarget section */
		B848FD442B5CD917000D8A19 /* Trash Classifier */ = {
			isa = PBXNativeTarget;
			buildConfigurationList = B848FD692B5CD918000D8A19 /* Build configuration list for PBXNativeTarget "Trash Classifier" */;
			buildPhases = (
				B848FD412B5CD917000D8A19 /* Sources */,
				B848FD422B5CD917000D8A19 /* Frameworks */,
				B848FD432B5CD917000D8A19 /* Resources */,
			);
			buildRules = (
			);
			dependencies = (
			);
			name = "Trash Classifier";
			productName = "Trash Classifier";
			productReference = B848FD452B5CD917000D8A19 /* Trash Classifier.app */;
			productType = "com.apple.product-type.application";
		};
		B848FD542B5CD918000D8A19 /* Trash ClassifierTests */ = {
			isa = PBXNativeTarget;
			buildConfigurationList = B848FD6C2B5CD918000D8A19 /* Build configuration list for PBXNativeTarget "Trash ClassifierTests" */;
			buildPhases = (
				B848FD512B5CD918000D8A19 /* Sources */,
				B848FD522B5CD918000D8A19 /* Frameworks */,
				B848FD532B5CD918000D8A19 /* Resources */,
			);
			buildRules = (
			);
			dependencies = (
				B848FD572B5CD918000D8A19 /* PBXTargetDependency */,
			);
			name = "Trash ClassifierTests";
			productName = "Trash ClassifierTests";
			productReference = B848FD552B5CD918000D8A19 /* Trash ClassifierTests.xctest */;
			productType = "com.apple.product-type.bundle.unit-test";
		};
		B848FD5E2B5CD918000D8A19 /* Trash ClassifierUITests */ = {
			isa = PBXNativeTarget;
			buildConfigurationList = B848FD6F2B5CD918000D8A19 /* Build configuration list for PBXNativeTarget "Trash ClassifierUITests" */;
			buildPhases = (
				B848FD5B2B5CD918000D8A19 /* Sources */,
				B848FD5C2B5CD918000D8A19 /* Frameworks */,
				B848FD5D2B5CD918000D8A19 /* Resources */,
			);
			buildRules = (
			);
			dependencies = (
				B848FD612B5CD918000D8A19 /* PBXTargetDependency */,
			);
			name = "Trash ClassifierUITests";
			productName = "Trash ClassifierUITests";
			productReference = B848FD5F2B5CD918000D8A19 /* Trash ClassifierUITests.xctest */;
			productType = "com.apple.product-type.bundle.ui-testing";
		};
/* End PBXNativeTarget section */

/* Begin PBXProject section */
		B848FD3D2B5CD917000D8A19 /* Project object */ = {
			isa = PBXProject;
			attributes = {
				BuildIndependentTargetsInParallel = 1;
				LastSwiftUpdateCheck = 1520;
				LastUpgradeCheck = 1520;
				TargetAttributes = {
					B848FD442B5CD917000D8A19 = {
						CreatedOnToolsVersion = 15.2;
					};
					B848FD542B5CD918000D8A19 = {
						CreatedOnToolsVersion = 15.2;
						TestTargetID = B848FD442B5CD917000D8A19;
					};
					B848FD5E2B5CD918000D8A19 = {
						CreatedOnToolsVersion = 15.2;
						TestTargetID = B848FD442B5CD917000D8A19;
					};
				};
			};
			buildConfigurationList = B848FD402B5CD917000D8A19 /* Build configuration list for PBXProject "Trash Classifier" */;
			compatibilityVersion = "Xcode 14.0";
			developmentRegion = en;
			hasScannedForEncodings = 0;
			knownRegions = (
				en,
				Base,
			);
			mainGroup = B848FD3C2B5CD917000D8A19;
			productRefGroup = B848FD462B5CD917000D8A19 /* Products */;
			projectDirPath = "";
			projectRoot = "";
			targets = (
				B848FD442B5CD917000D8A19 /* Trash Classifier */,
				B848FD542B5CD918000D8A19 /* Trash ClassifierTests */,
				B848FD5E2B5CD918000D8A19 /* Trash ClassifierUITests */,
			);
		};
/* End PBXProject section */

/* Begin PBXResourcesBuildPhase section */
		B848FD432B5CD917000D8A19 /* Resources */ = {
			isa = PBXResourcesBuildPhase;
			buildActionMask = 2147483647;
			files = (
				B848FD502B5CD918000D8A19 /* Preview Assets.xcassets in Resources */,
				B848FD4D2B5CD918000D8A19 /* Assets.xcassets in Resources */,
			);
			runOnlyForDeploymentPostprocessing = 0;
		};
		B848FD532B5CD918000D8A19 /* Resources */ = {
			isa = PBXResourcesBuildPhase;
			buildActionMask = 2147483647;
			files = (
			);
			runOnlyForDeploymentPostprocessing = 0;
		};
		B848FD5D2B5CD918000D8A19 /* Resources */ = {
			isa = PBXResourcesBuildPhase;
			buildActionMask = 2147483647;
			files = (
			);
			runOnlyForDeploymentPostprocessing = 0;
		};
/* End PBXResourcesBuildPhase section */

/* Begin PBXSourcesBuildPhase section */
		B848FD412B5CD917000D8A19 /* Sources */ = {
			isa = PBXSourcesBuildPhase;
			buildActionMask = 2147483647;
			files = (
				B848FD4B2B5CD917000D8A19 /* TrashClassOneView.swift in Sources */,
				B848FD492B5CD917000D8A19 /* Trash_ClassifierApp.swift in Sources */,
			);
			runOnlyForDeploymentPostprocessing = 0;
		};
		B848FD512B5CD918000D8A19 /* Sources */ = {
			isa = PBXSourcesBuildPhase;
			buildActionMask = 2147483647;
			files = (
				B848FD5A2B5CD918000D8A19 /* Trash_ClassifierTests.swift in Sources */,
			);
			runOnlyForDeploymentPostprocessing = 0;
		};
		B848FD5B2B5CD918000D8A19 /* Sources */ = {
			isa = PBXSourcesBuildPhase;
			buildActionMask = 2147483647;
			files = (
				B848FD662B5CD918000D8A19 /* Trash_ClassifierUITestsLaunchTests.swift in Sources */,
				B848FD642B5CD918000D8A19 /* Trash_ClassifierUITests.swift in Sources */,
			);
			runOnlyForDeploymentPostprocessing = 0;
		};
/* End PBXSourcesBuildPhase section */

/* Begin PBXTargetDependency section */
		B848FD572B5CD918000D8A19 /* PBXTargetDependency */ = {
			isa = PBXTargetDependency;
			target = B848FD442B5CD917000D8A19 /* Trash Classifier */;
			targetProxy = B848FD562B5CD918000D8A19 /* PBXContainerItemProxy */;
		};
		B848FD612B5CD918000D8A19 /* PBXTargetDependency */ = {
			isa = PBXTargetDependency;
			target = B848FD442B5CD917000D8A19 /* Trash Classifier */;
			targetProxy = B848FD602B5CD918000D8A19 /* PBXContainerItemProxy */;
		};
/* End PBXTargetDependency section */

/* Begin XCBuildConfiguration section */
		B848FD672B5CD918000D8A19 /* Debug */ = {
			isa = XCBuildConfiguration;
			buildSettings = {
				ALWAYS_SEARCH_USER_PATHS = NO;
				ASSETCATALOG_COMPILER_GENERATE_SWIFT_ASSET_SYMBOL_EXTENSIONS = YES;
				CLANG_ANALYZER_NONNULL = YES;
				CLANG_ANALYZER_NUMBER_OBJECT_CONVERSION = YES_AGGRESSIVE;
				CLANG_CXX_LANGUAGE_STANDARD = "gnu++20";
				CLANG_ENABLE_MODULES = YES;
				CLANG_ENABLE_OBJC_ARC = YES;
				CLANG_ENABLE_OBJC_WEAK = YES;
				CLANG_WARN_BLOCK_CAPTURE_AUTORELEASING = YES;
				CLANG_WARN_BOOL_CONVERSION = YES;
				CLANG_WARN_COMMA = YES;
				CLANG_WARN_CONSTANT_CONVERSION = YES;
				CLANG_WARN_DEPRECATED_OBJC_IMPLEMENTATIONS = YES;
				CLANG_WARN_DIRECT_OBJC_ISA_USAGE = YES_ERROR;
				CLANG_WARN_DOCUMENTATION_COMMENTS = YES;
				CLANG_WARN_EMPTY_BODY = YES;
				CLANG_WARN_ENUM_CONVERSION = YES;
				CLANG_WARN_INFINITE_RECURSION = YES;
				CLANG_WARN_INT_CONVERSION = YES;
				CLANG_WARN_NON_LITERAL_NULL_CONVERSION = YES;
				CLANG_WARN_OBJC_IMPLICIT_RETAIN_SELF = YES;
				CLANG_WARN_OBJC_LITERAL_CONVERSION = YES;
				CLANG_WARN_OBJC_ROOT_CLASS = YES_ERROR;
				CLANG_WARN_QUOTED_INCLUDE_IN_FRAMEWORK_HEADER = YES;
				CLANG_WARN_RANGE_LOOP_ANALYSIS = YES;
				CLANG_WARN_STRICT_PROTOTYPES = YES;
				CLANG_WARN_SUSPICIOUS_MOVE = YES;
				CLANG_WARN_UNGUARDED_AVAILABILITY = YES_AGGRESSIVE;
				CLANG_WARN_UNREACHABLE_CODE = YES;
				CLANG_WARN__DUPLICATE_METHOD_MATCH = YES;
				COPY_PHASE_STRIP = NO;
				DEBUG_INFORMATION_FORMAT = dwarf;
				ENABLE_STRICT_OBJC_MSGSEND = YES;
				ENABLE_TESTABILITY = YES;
				ENABLE_USER_SCRIPT_SANDBOXING = YES;
				GCC_C_LANGUAGE_STANDARD = gnu17;
				GCC_DYNAMIC_NO_PIC = NO;
				GCC_NO_COMMON_BLOCKS = YES;
				GCC_OPTIMIZATION_LEVEL = 0;
				GCC_PREPROCESSOR_DEFINITIONS = (
					"DEBUG=1",
					"$(inherited)",
				);
				GCC_WARN_64_TO_32_BIT_CONVERSION = YES;
				GCC_WARN_ABOUT_RETURN_TYPE = YES_ERROR;
				GCC_WARN_UNDECLARED_SELECTOR = YES;
				GCC_WARN_UNINITIALIZED_AUTOS = YES_AGGRESSIVE;
				GCC_WARN_UNUSED_FUNCTION = YES;
				GCC_WARN_UNUSED_VARIABLE = YES;
				IPHONEOS_DEPLOYMENT_TARGET = 17.2;
				LOCALIZATION_PREFERS_STRING_CATALOGS = YES;
				MTL_ENABLE_DEBUG_INFO = INCLUDE_SOURCE;
				MTL_FAST_MATH = YES;
				ONLY_ACTIVE_ARCH = YES;
				SDKROOT = iphoneos;
				SWIFT_ACTIVE_COMPILATION_CONDITIONS = "DEBUG $(inherited)";
				SWIFT_OPTIMIZATION_LEVEL = "-Onone";
			};
			name = Debug;
		};
		B848FD682B5CD918000D8A19 /* Release */ = {
			isa = XCBuildConfiguration;
			buildSettings = {
				ALWAYS_SEARCH_USER_PATHS = NO;
				ASSETCATALOG_COMPILER_GENERATE_SWIFT_ASSET_SYMBOL_EXTENSIONS = YES;
				CLANG_ANALYZER_NONNULL = YES;
				CLANG_ANALYZER_NUMBER_OBJECT_CONVERSION = YES_AGGRESSIVE;
				CLANG_CXX_LANGUAGE_STANDARD = "gnu++20";
				CLANG_ENABLE_MODULES = YES;
				CLANG_ENABLE_OBJC_ARC = YES;
				CLANG_ENABLE_OBJC_WEAK = YES;
				CLANG_WARN_BLOCK_CAPTURE_AUTORELEASING = YES;
				CLANG_WARN_BOOL_CONVERSION = YES;
				CLANG_WARN_COMMA = YES;
				CLANG_WARN_CONSTANT_CONVERSION = YES;
				CLANG_WARN_DEPRECATED_OBJC_IMPLEMENTATIONS = YES;
				CLANG_WARN_DIRECT_OBJC_ISA_USAGE = YES_ERROR;
				CLANG_WARN_DOCUMENTATION_COMMENTS = YES;
				CLANG_WARN_EMPTY_BODY = YES;
				CLANG_WARN_ENUM_CONVERSION = YES;
				CLANG_WARN_INFINITE_RECURSION = YES;
				CLANG_WARN_INT_CONVERSION = YES;
				CLANG_WARN_NON_LITERAL_NULL_CONVERSION = YES;
				CLANG_WARN_OBJC_IMPLICIT_RETAIN_SELF = YES;
				CLANG_WARN_OBJC_LITERAL_CONVERSION = YES;
				CLANG_WARN_OBJC_ROOT_CLASS = YES_ERROR;
				CLANG_WARN_QUOTED_INCLUDE_IN_FRAMEWORK_HEADER = YES;
				CLANG_WARN_RANGE_LOOP_ANALYSIS = YES;
				CLANG_WARN_STRICT_PROTOTYPES = YES;
				CLANG_WARN_SUSPICIOUS_MOVE = YES;
				CLANG_WARN_UNGUARDED_AVAILABILITY = YES_AGGRESSIVE;
				CLANG_WARN_UNREACHABLE_CODE = YES;
				CLANG_WARN__DUPLICATE_METHOD_MATCH = YES;
				COPY_PHASE_STRIP = NO;
				DEBUG_INFORMATION_FORMAT = "dwarf-with-dsym";
				ENABLE_NS_ASSERTIONS = NO;
				ENABLE_STRICT_OBJC_MSGSEND = YES;
				ENABLE_USER_SCRIPT_SANDBOXING = YES;
				GCC_C_LANGUAGE_STANDARD = gnu17;
				GCC_NO_COMMON_BLOCKS = YES;
				GCC_WARN_64_TO_32_BIT_CONVERSION = YES;
				GCC_WARN_ABOUT_RETURN_TYPE = YES_ERROR;
				GCC_WARN_UNDECLARED_SELECTOR = YES;
				GCC_WARN_UNINITIALIZED_AUTOS = YES_AGGRESSIVE;
				GCC_WARN_UNUSED_FUNCTION = YES;
				GCC_WARN_UNUSED_VARIABLE = YES;
				IPHONEOS_DEPLOYMENT_TARGET = 17.2;
				LOCALIZATION_PREFERS_STRING_CATALOGS = YES;
				MTL_ENABLE_DEBUG_INFO = NO;
				MTL_FAST_MATH = YES;
				SDKROOT = iphoneos;
				SWIFT_COMPILATION_MODE = wholemodule;
				VALIDATE_PRODUCT = YES;
			};
			name = Release;
		};
		B848FD6A2B5CD918000D8A19 /* Debug */ = {
			isa = XCBuildConfiguration;
			buildSettings = {
				ASSETCATALOG_COMPILER_APPICON_NAME = AppIcon;
				ASSETCATALOG_COMPILER_GLOBAL_ACCENT_COLOR_NAME = AccentColor;
				CODE_SIGN_STYLE = Automatic;
				CURRENT_PROJECT_VERSION = 1;
				DEVELOPMENT_ASSET_PATHS = "\"Trash Classifier/Preview Content\"";
				ENABLE_PREVIEWS = YES;
				GENERATE_INFOPLIST_FILE = YES;
				INFOPLIST_KEY_UIApplicationSceneManifest_Generation = YES;
				INFOPLIST_KEY_UIApplicationSupportsIndirectInputEvents = YES;
				INFOPLIST_KEY_UILaunchScreen_Generation = YES;
				INFOPLIST_KEY_UISupportedInterfaceOrientations_iPad = "UIInterfaceOrientationPortrait UIInterfaceOrientationPortraitUpsideDown UIInterfaceOrientationLandscapeLeft UIInterfaceOrientationLandscapeRight";
				INFOPLIST_KEY_UISupportedInterfaceOrientations_iPhone = "UIInterfaceOrientationPortrait UIInterfaceOrientationLandscapeLeft UIInterfaceOrientationLandscapeRight";
				LD_RUNPATH_SEARCH_PATHS = (
					"$(inherited)",
					"@executable_path/Frameworks",
				);
				MARKETING_VERSION = 1.0;
				PRODUCT_BUNDLE_IDENTIFIER = "com.yuvarch.Trash-Classifier";
				PRODUCT_NAME = "$(TARGET_NAME)";
				SWIFT_EMIT_LOC_STRINGS = YES;
				SWIFT_VERSION = 5.0;
				TARGETED_DEVICE_FAMILY = "1,2";
			};
			name = Debug;
		};
		B848FD6B2B5CD918000D8A19 /* Release */ = {
			isa = XCBuildConfiguration;
			buildSettings = {
				ASSETCATALOG_COMPILER_APPICON_NAME = AppIcon;
				ASSETCATALOG_COMPILER_GLOBAL_ACCENT_COLOR_NAME = AccentColor;
				CODE_SIGN_STYLE = Automatic;
				CURRENT_PROJECT_VERSION = 1;
				DEVELOPMENT_ASSET_PATHS = "\"Trash Classifier/Preview Content\"";
				ENABLE_PREVIEWS = YES;
				GENERATE_INFOPLIST_FILE = YES;
				INFOPLIST_KEY_UIApplicationSceneManifest_Generation = YES;
				INFOPLIST_KEY_UIApplicationSupportsIndirectInputEvents = YES;
				INFOPLIST_KEY_UILaunchScreen_Generation = YES;
				INFOPLIST_KEY_UISupportedInterfaceOrientations_iPad = "UIInterfaceOrientationPortrait UIInterfaceOrientationPortraitUpsideDown UIInterfaceOrientationLandscapeLeft UIInterfaceOrientationLandscapeRight";
				INFOPLIST_KEY_UISupportedInterfaceOrientations_iPhone = "UIInterfaceOrientationPortrait UIInterfaceOrientationLandscapeLeft UIInterfaceOrientationLandscapeRight";
				LD_RUNPATH_SEARCH_PATHS = (
					"$(inherited)",
					"@executable_path/Frameworks",
				);
				MARKETING_VERSION = 1.0;
				PRODUCT_BUNDLE_IDENTIFIER = "com.yuvarch.Trash-Classifier";
				PRODUCT_NAME = "$(TARGET_NAME)";
				SWIFT_EMIT_LOC_STRINGS = YES;
				SWIFT_VERSION = 5.0;
				TARGETED_DEVICE_FAMILY = "1,2";
			};
			name = Release;
		};
		B848FD6D2B5CD918000D8A19 /* Debug */ = {
			isa = XCBuildConfiguration;
			buildSettings = {
				ALWAYS_EMBED_SWIFT_STANDARD_LIBRARIES = YES;
				BUNDLE_LOADER = "$(TEST_HOST)";
				CODE_SIGN_STYLE = Automatic;
				CURRENT_PROJECT_VERSION = 1;
				GENERATE_INFOPLIST_FILE = YES;
				IPHONEOS_DEPLOYMENT_TARGET = 17.2;
				MARKETING_VERSION = 1.0;
				PRODUCT_BUNDLE_IDENTIFIER = "com.yuvarch.Trash-ClassifierTests";
				PRODUCT_NAME = "$(TARGET_NAME)";
				SWIFT_EMIT_LOC_STRINGS = NO;
				SWIFT_VERSION = 5.0;
				TARGETED_DEVICE_FAMILY = "1,2";
				TEST_HOST = "$(BUILT_PRODUCTS_DIR)/Trash Classifier.app/$(BUNDLE_EXECUTABLE_FOLDER_PATH)/Trash Classifier";
			};
			name = Debug;
		};
		B848FD6E2B5CD918000D8A19 /* Release */ = {
			isa = XCBuildConfiguration;
			buildSettings = {
				ALWAYS_EMBED_SWIFT_STANDARD_LIBRARIES = YES;
				BUNDLE_LOADER = "$(TEST_HOST)";
				CODE_SIGN_STYLE = Automatic;
				CURRENT_PROJECT_VERSION = 1;
				GENERATE_INFOPLIST_FILE = YES;
				IPHONEOS_DEPLOYMENT_TARGET = 17.2;
				MARKETING_VERSION = 1.0;
				PRODUCT_BUNDLE_IDENTIFIER = "com.yuvarch.Trash-ClassifierTests";
				PRODUCT_NAME = "$(TARGET_NAME)";
				SWIFT_EMIT_LOC_STRINGS = NO;
				SWIFT_VERSION = 5.0;
				TARGETED_DEVICE_FAMILY = "1,2";
				TEST_HOST = "$(BUILT_PRODUCTS_DIR)/Trash Classifier.app/$(BUNDLE_EXECUTABLE_FOLDER_PATH)/Trash Classifier";
			};
			name = Release;
		};
		B848FD702B5CD918000D8A19 /* Debug */ = {
			isa = XCBuildConfiguration;
			buildSettings = {
				ALWAYS_EMBED_SWIFT_STANDARD_LIBRARIES = YES;
				CODE_SIGN_STYLE = Automatic;
				CURRENT_PROJECT_VERSION = 1;
				GENERATE_INFOPLIST_FILE = YES;
				MARKETING_VERSION = 1.0;
				PRODUCT_BUNDLE_IDENTIFIER = "com.yuvarch.Trash-ClassifierUITests";
				PRODUCT_NAME = "$(TARGET_NAME)";
				SWIFT_EMIT_LOC_STRINGS = NO;
				SWIFT_VERSION = 5.0;
				TARGETED_DEVICE_FAMILY = "1,2";
				TEST_TARGET_NAME = "Trash Classifier";
			};
			name = Debug;
		};
		B848FD712B5CD918000D8A19 /* Release */ = {
			isa = XCBuildConfiguration;
			buildSettings = {
				ALWAYS_EMBED_SWIFT_STANDARD_LIBRARIES = YES;
				CODE_SIGN_STYLE = Automatic;
				CURRENT_PROJECT_VERSION = 1;
				GENERATE_INFOPLIST_FILE = YES;
				MARKETING_VERSION = 1.0;
				PRODUCT_BUNDLE_IDENTIFIER = "com.yuvarch.Trash-ClassifierUITests";
				PRODUCT_NAME = "$(TARGET_NAME)";
				SWIFT_EMIT_LOC_STRINGS = NO;
				SWIFT_VERSION = 5.0;
				TARGETED_DEVICE_FAMILY = "1,2";
				TEST_TARGET_NAME = "Trash Classifier";
			};
			name = Release;
		};
/* End XCBuildConfiguration section */

/* Begin XCConfigurationList section */
		B848FD402B5CD917000D8A19 /* Build configuration list for PBXProject "Trash Classifier" */ = {
			isa = XCConfigurationList;
			buildConfigurations = (
				B848FD672B5CD918000D8A19 /* Debug */,
				B848FD682B5CD918000D8A19 /* Release */,
			);
			defaultConfigurationIsVisible = 0;
			defaultConfigurationName = Release;
		};
		B848FD692B5CD918000D8A19 /* Build configuration list for PBXNativeTarget "Trash Classifier" */ = {
			isa = XCConfigurationList;
			buildConfigurations = (
				B848FD6A2B5CD918000D8A19 /* Debug */,
				B848FD6B2B5CD918000D8A19 /* Release */,
			);
			defaultConfigurationIsVisible = 0;
			defaultConfigurationName = Release;
		};
		B848FD6C2B5CD918000D8A19 /* Build configuration list for PBXNativeTarget "Trash ClassifierTests" */ = {
			isa = XCConfigurationList;
			buildConfigurations = (
				B848FD6D2B5CD918000D8A19 /* Debug */,
				B848FD6E2B5CD918000D8A19 /* Release */,
			);
			defaultConfigurationIsVisible = 0;
			defaultConfigurationName = Release;
		};
		B848FD6F2B5CD918000D8A19 /* Build configuration list for PBXNativeTarget "Trash ClassifierUITests" */ = {
			isa = XCConfigurationList;
			buildConfigurations = (
				B848FD702B5CD918000D8A19 /* Debug */,
				B848FD712B5CD918000D8A19 /* Release */,
			);
			defaultConfigurationIsVisible = 0;
			defaultConfigurationName = Release;
		};
/* End XCConfigurationList section */
	};
	rootObject = B848FD3D2B5CD917000D8A19 /* Project object */;
}
